{
  "name": "cd-packaging-test-node",
  "requires": true,
  "lockfileVersion": 1,
  "dependencies": {
    "@inrupt/template-ts": {
      "version": "0.0.2",
      "resolved": "https://registry.npmjs.org/@inrupt/template-ts/-/template-ts-0.0.2.tgz",
      "integrity": "sha512-KR4phNLdjCbypwMHt1sJbKH3bNIZxD/V/FQZYYRO3vBgtq/UU2W34DT9tU/3we30WgoGo51l78FE+Aj9Arzylg=="
    }
  }
}
